
Microsoft Visual Studio Solution File, Format Version 12.00
# Visual Studio 15
Project("{FAE04EC0-301F-11D3-BF4B-00C04F79EFBC}") = "Assembly-CSharp", "Assembly-CSharp.csproj", "{D20CF38A-99D4-91FD-F6A3-12CD018FAE19}"
EndProject
Project("{FAE04EC0-301F-11D3-BF4B-00C04F79EFBC}") = "Assembly-CSharp-Editor", "Assembly-CSharp-Editor.csproj", "{7C09EDC3-228C-2943-CB49-4C3A2550EFD6}"
EndProject
Global
	GlobalSection(SolutionConfigurationPlatforms) = preSolution
		Debug|Any CPU = Debug|Any CPU
		Release|Any CPU = Release|Any CPU
	EndGlobalSection
	GlobalSection(ProjectConfigurationPlatforms) = postSolution
		{D20CF38A-99D4-91FD-F6A3-12CD018FAE19}.Debug|Any CPU.ActiveCfg = Debug|Any CPU
		{D20CF38A-99D4-91FD-F6A3-12CD018FAE19}.Debug|Any CPU.Build.0 = Debug|Any CPU
		{D20CF38A-99D4-91FD-F6A3-12CD018FAE19}.Release|Any CPU.ActiveCfg = Release|Any CPU
		{D20CF38A-99D4-91FD-F6A3-12CD018FAE19}.Release|Any CPU.Build.0 = Release|Any CPU
		{7C09EDC3-228C-2943-CB49-4C3A2550EFD6}.Debug|Any CPU.ActiveCfg = Debug|Any CPU
		{7C09EDC3-228C-2943-CB49-4C3A2550EFD6}.Debug|Any CPU.Build.0 = Debug|Any CPU
		{7C09EDC3-228C-2943-CB49-4C3A2550EFD6}.Release|Any CPU.ActiveCfg = Release|Any CPU
		{7C09EDC3-228C-2943-CB49-4C3A2550EFD6}.Release|Any CPU.Build.0 = Release|Any CPU
	EndGlobalSection
	GlobalSection(SolutionProperties) = preSolution
		HideSolutionNode = FALSE
	EndGlobalSection
EndGlobal
